
Microsoft Visual Studio Solution File, Format Version 11.00
# Visual Studio 2010
Project("{FAE04EC0-301F-11D3-BF4B-00C04F79EFBC}") = "Assembly-CSharp", "Assembly-CSharp.csproj", "{3c00ea31-f91c-46d9-a919-8ac5ed6be76a}"
EndProject
Project("{FAE04EC0-301F-11D3-BF4B-00C04F79EFBC}") = "PathCreator", "PathCreator.csproj", "{2ac365c9-952a-d2e8-f754-5f8f650bc9b2}"
EndProject
Project("{FAE04EC0-301F-11D3-BF4B-00C04F79EFBC}") = "PathCreatorEditor", "PathCreatorEditor.csproj", "{074dbf89-7362-6600-8ceb-edc885747042}"
EndProject
Project("{FAE04EC0-301F-11D3-BF4B-00C04F79EFBC}") = "Assembly-CSharp-Editor", "Assembly-CSharp-Editor.csproj", "{709d30a1-f5b6-cf52-f13a-a13d5a30ed55}"
EndProject
Global
	GlobalSection(SolutionConfigurationPlatforms) = preSolution
		Debug|Any CPU = Debug|Any CPU
	EndGlobalSection
	GlobalSection(ProjectConfigurationPlatforms) = postSolution
		{3c00ea31-f91c-46d9-a919-8ac5ed6be76a}.Debug|Any CPU.ActiveCfg = Debug|Any CPU
		{3c00ea31-f91c-46d9-a919-8ac5ed6be76a}.Debug|Any CPU.Build.0 = Debug|Any CPU
		{2ac365c9-952a-d2e8-f754-5f8f650bc9b2}.Debug|Any CPU.ActiveCfg = Debug|Any CPU
		{2ac365c9-952a-d2e8-f754-5f8f650bc9b2}.Debug|Any CPU.Build.0 = Debug|Any CPU
		{074dbf89-7362-6600-8ceb-edc885747042}.Debug|Any CPU.ActiveCfg = Debug|Any CPU
		{074dbf89-7362-6600-8ceb-edc885747042}.Debug|Any CPU.Build.0 = Debug|Any CPU
		{709d30a1-f5b6-cf52-f13a-a13d5a30ed55}.Debug|Any CPU.ActiveCfg = Debug|Any CPU
		{709d30a1-f5b6-cf52-f13a-a13d5a30ed55}.Debug|Any CPU.Build.0 = Debug|Any CPU
	EndGlobalSection
	GlobalSection(SolutionProperties) = preSolution
		HideSolutionNode = FALSE
	EndGlobalSection
EndGlobal
